{
  "name": "corona-data-germany",
  "version": "0.0.2",
  "lockfileVersion": 1,
  "requires": true,
  "dependencies": {
    "abort-controller": {
      "version": "3.0.0",
      "resolved": "https://registry.npmjs.org/abort-controller/-/abort-controller-3.0.0.tgz",
      "integrity": "sha512-h8lQ8tacZYnR3vNQTgibj+tODHI5/+l06Au2Pcriv/Gmet0eaj4TwWH41sO9wnHDiQsEj19q0drzdWdeAHtweg==",
      "requires": {
        "event-target-shim": "^5.0.0"
      }
    },
    "agent-base": {
      "version": "6.0.0",
      "resolved": "https://registry.npmjs.org/agent-base/-/agent-base-6.0.0.tgz",
      "integrity": "sha512-j1Q7cSCqN+AwrmDd+pzgqc0/NpC655x2bUf5ZjRIO77DcNBFmh+OgRNzF6OKdCC9RSCb19fGd99+bhXFdkRNqw==",
      "requires": {
        "debug": "4"
      },
      "dependencies": {
        "debug": {
          "version": "4.1.1",
          "resolved": "https://registry.npmjs.org/debug/-/debug-4.1.1.tgz",
          "integrity": "sha512-pYAIzeRo8J6KPEaJ0VWOh5Pzkbw/RetuzehGM7QRRX5he4fPHx2rdKMB256ehJCkX+XRQm16eZLqLNS8RSZXZw==",
          "requires": {
            "ms": "^2.1.1"
          }
        },
        "ms": {
          "version": "2.1.2",
          "resolved": "https://registry.npmjs.org/ms/-/ms-2.1.2.tgz",
          "integrity": "sha512-sGkPx+VjMtmA6MX27oA4FBFELFCZZ4S4XqeGOXCv68tT+jb3vk/RyaKWP0PTKyWtmLSM0b+adUTEvbs1PEaH2w=="
        }
      }
    },
    "ansi-regex": {
      "version": "6.0.1",
      "resolved": "https://registry.npmjs.org/ansi-regex/-/ansi-regex-6.0.1.tgz",
      "integrity": "sha512-n5M855fKb2SsfMIiFFoVrABHJC8QtHwVx+mHWP3QcEqBHYienj5dHSgjbxtC0WEZXYt4wcD6zrQElDPhFuZgfA=="
    },
    "ansi-styles": {
      "version": "4.3.0",
      "resolved": "https://registry.npmjs.org/ansi-styles/-/ansi-styles-4.3.0.tgz",
      "integrity": "sha512-zbB9rCJAT1rbjiVDb2hqKFHNYLxgtk8NURxZ3IZwD3F6NtxbXZQCnnSi1Lkx+IDohdPlFp222wVALIheZJQSEg==",
      "requires": {
        "color-convert": "^2.0.1"
      }
    },
    "arrify": {
      "version": "2.0.1",
      "resolved": "https://registry.npmjs.org/arrify/-/arrify-2.0.1.tgz",
      "integrity": "sha512-3duEwti880xqi4eAMN8AyR4a0ByT90zoYdLlevfrvU43vb0YZwZVfxOgxWrLXXXpyugL0hNZc9G6BiB5B3nUug=="
    },
    "at-least-node": {
      "version": "1.0.0",
      "resolved": "https://registry.npmjs.org/at-least-node/-/at-least-node-1.0.0.tgz",
      "integrity": "sha512-+q/t7Ekv1EDY2l6Gda6LLiX14rU9TV20Wa3ofeQmwPFZbOMo9DXrLbOjFaaclkXKWidIaopwAObQDqwWtGUjqg=="
    },
    "axios": {
      "version": "0.25.0",
      "resolved": "https://registry.npmjs.org/axios/-/axios-0.25.0.tgz",
      "integrity": "sha512-cD8FOb0tRH3uuEe6+evtAbgJtfxr7ly3fQjYcMcuPlgkwVS9xboaVIpcDV+cYQe+yGykgwZCs1pzjntcGa6l5g==",
      "requires": {
        "follow-redirects": "^1.14.7"
      }
    },
    "base64-js": {
      "version": "1.3.1",
      "resolved": "https://registry.npmjs.org/base64-js/-/base64-js-1.3.1.tgz",
      "integrity": "sha512-mLQ4i2QO1ytvGWFWmcngKO//JXAQueZvwEKtjgQFM4jIK0kU+ytMfplL8j+n5mspOfjHwoAg+9yhb7BwAHm36g=="
    },
    "bignumber.js": {
      "version": "7.2.1",
      "resolved": "https://registry.npmjs.org/bignumber.js/-/bignumber.js-7.2.1.tgz",
      "integrity": "sha512-S4XzBk5sMB+Rcb/LNcpzXr57VRTxgAvaAEDAl1AwRx27j00hT84O6OkteE7u8UB3NuaaygCRrEpqox4uDOrbdQ=="
    },
    "bl": {
      "version": "5.0.0",
      "resolved": "https://registry.npmjs.org/bl/-/bl-5.0.0.tgz",
      "integrity": "sha512-8vxFNZ0pflFfi0WXA3WQXlj6CaMEwsmh63I1CNp0q+wWv8sD0ARx1KovSQd0l2GkwrMIOyedq0EF1FxI+RCZLQ==",
      "requires": {
        "buffer": "^6.0.3",
        "inherits": "^2.0.4",
        "readable-stream": "^3.4.0"
      }
    },
    "buffer": {
      "version": "6.0.3",
      "resolved": "https://registry.npmjs.org/buffer/-/buffer-6.0.3.tgz",
      "integrity": "sha512-FTiCpNxtwiZZHEZbcbTIcZjERVICn9yq/pDFkTl95/AxzD1naBctN7YO68riM/gLSDY7sdrMby8hofADYuuqOA==",
      "requires": {
        "base64-js": "^1.3.1",
        "ieee754": "^1.2.1"
      }
    },
    "buffer-equal-constant-time": {
      "version": "1.0.1",
      "resolved": "https://registry.npmjs.org/buffer-equal-constant-time/-/buffer-equal-constant-time-1.0.1.tgz",
      "integrity": "sha1-+OcRMvf/5uAaXJaXpMbz5I1cyBk="
    },
    "chalk": {
      "version": "4.1.2",
      "resolved": "https://registry.npmjs.org/chalk/-/chalk-4.1.2.tgz",
      "integrity": "sha512-oKnbhFyRIXpUuez8iBMmyEa4nbj4IOQyuhc/wy9kY7/WVPcwIO9VA668Pu8RkO7+0G76SLROeyw9CpQ061i4mA==",
      "requires": {
        "ansi-styles": "^4.1.0",
        "supports-color": "^7.1.0"
      }
    },
    "cli-cursor": {
      "version": "4.0.0",
      "resolved": "https://registry.npmjs.org/cli-cursor/-/cli-cursor-4.0.0.tgz",
      "integrity": "sha512-VGtlMu3x/4DOtIUwEkRezxUZ2lBacNJCHash0N0WeZDBS+7Ux1dm3XWAgWYxLJFMMdOeXMHXorshEFhbMSGelg==",
      "requires": {
        "restore-cursor": "^4.0.0"
      }
    },
    "cli-spinners": {
      "version": "2.6.1",
      "resolved": "https://registry.npmjs.org/cli-spinners/-/cli-spinners-2.6.1.tgz",
      "integrity": "sha512-x/5fWmGMnbKQAaNwN+UZlV79qBLM9JFnJuJ03gIi5whrob0xV0ofNVHy9DhwGdsMJQc2OKv0oGmLzvaqvAVv+g=="
    },
    "clone": {
      "version": "1.0.4",
      "resolved": "https://registry.npmjs.org/clone/-/clone-1.0.4.tgz",
      "integrity": "sha1-2jCcwmPfFZlMaIypAheco8fNfH4="
    },
    "color-convert": {
      "version": "2.0.1",
      "resolved": "https://registry.npmjs.org/color-convert/-/color-convert-2.0.1.tgz",
      "integrity": "sha512-RRECPsj7iu/xb5oKYcsFHSppFNnsj/52OVTRKb4zP5onXwVF3zVmmToNcOfGC+CRDpfK/U584fMg38ZHCaElKQ==",
      "requires": {
        "color-name": "~1.1.4"
      }
    },
    "color-name": {
      "version": "1.1.4",
      "resolved": "https://registry.npmjs.org/color-name/-/color-name-1.1.4.tgz",
      "integrity": "sha512-dOy+3AuW3a2wNbZHIuMZpTcgjGuLU/uBL/ubcZF9OXbDo8ff4O8yVp5Bf0efS8uEoYo5q4Fx7dY9OgQGXgAsQA=="
    },
    "covid19-risklayer-data": {
      "version": "0.0.3",
      "resolved": "https://registry.npmjs.org/covid19-risklayer-data/-/covid19-risklayer-data-0.0.3.tgz",
      "integrity": "sha512-NotDIYEh/okHlwkaKMUYKSWolA7QFtW8rrFkP5z7y7dCe8+nb3CZwW+Jz4ElACePG/OEocQTkHAZUkXxjKs41Q==",
      "requires": {
        "deepmerge": "^4.2.2",
        "dotenv": "^8.2.0",
        "fs-extra": "^9.0.0",
        "google-spreadsheet": "^3.0.10"
      },
      "dependencies": {
        "dotenv": {
          "version": "8.6.0",
          "resolved": "https://registry.npmjs.org/dotenv/-/dotenv-8.6.0.tgz",
          "integrity": "sha512-IrPdXQsk2BbzvCBGBOTmmSH5SodmqZNt4ERAZDmW4CT+tL8VtvinqywuANaFu4bOMWki16nqf0e4oC0QIaDr/g=="
        },
        "fs-extra": {
          "version": "9.1.0",
          "resolved": "https://registry.npmjs.org/fs-extra/-/fs-extra-9.1.0.tgz",
          "integrity": "sha512-hcg3ZmepS30/7BSFqRvoo3DOMQu7IjqxO5nCDt+zM9XWjb33Wg7ziNT+Qvqbuc3+gWpzO02JubVyk2G4Zvo1OQ==",
          "requires": {
            "at-least-node": "^1.0.0",
            "graceful-fs": "^4.2.0",
            "jsonfile": "^6.0.1",
            "universalify": "^2.0.0"
          }
        }
      }
    },
    "debug": {
      "version": "3.1.0",
      "resolved": "https://registry.npmjs.org/debug/-/debug-3.1.0.tgz",
      "integrity": "sha512-OX8XqP7/1a9cqkxYw2yXss15f26NKWBpDXQd0/uK/KPqdQhxbPa994hnzjcE2VqQpDslf55723cKPUOGSmMY3g==",
      "requires": {
        "ms": "2.0.0"
      }
    },
    "deepmerge": {
      "version": "4.2.2",
      "resolved": "https://registry.npmjs.org/deepmerge/-/deepmerge-4.2.2.tgz",
      "integrity": "sha512-FJ3UgI4gIl+PHZm53knsuSFpE+nESMr7M4v9QcgB7S63Kj/6WqMiFQJpBBYz1Pt+66bZpP3Q7Lye0Oo9MPKEdg=="
    },
    "defaults": {
      "version": "1.0.3",
      "resolved": "https://registry.npmjs.org/defaults/-/defaults-1.0.3.tgz",
      "integrity": "sha1-xlYFHpgX2f8I7YgUd/P+QBnz730=",
      "requires": {
        "clone": "^1.0.2"
      }
    },
    "dotenv": {
      "version": "14.2.0",
      "resolved": "https://registry.npmjs.org/dotenv/-/dotenv-14.2.0.tgz",
      "integrity": "sha512-05POuPJyPpO6jqzTNweQFfAyMSD4qa4lvsMOWyTRTdpHKy6nnnN+IYWaXF+lHivhBH/ufDKlR4IWCAN3oPnHuw=="
    },
    "ecdsa-sig-formatter": {
      "version": "1.0.11",
      "resolved": "https://registry.npmjs.org/ecdsa-sig-formatter/-/ecdsa-sig-formatter-1.0.11.tgz",
      "integrity": "sha512-nagl3RYrbNv6kQkeJIpt6NJZy8twLB/2vtz6yN9Z4vRKHN4/QZJIEbqohALSgwKdnksuY3k5Addp5lg8sVoVcQ==",
      "requires": {
        "safe-buffer": "^5.0.1"
      }
    },
    "event-target-shim": {
      "version": "5.0.1",
      "resolved": "https://registry.npmjs.org/event-target-shim/-/event-target-shim-5.0.1.tgz",
      "integrity": "sha512-i/2XbnSz/uxRCU6+NdVJgKWDTM427+MqYbkQzD321DuCQJUqOuJKIA0IM2+W2xtYHdKOmZ4dR6fExsd4SXL+WQ=="
    },
    "extend": {
      "version": "3.0.2",
      "resolved": "https://registry.npmjs.org/extend/-/extend-3.0.2.tgz",
      "integrity": "sha512-fjquC59cD7CyW6urNXK0FBufkZcoiGG80wTuPujX590cB5Ttln20E2UB4S/WARVqhXffZl2LNgS+gQdPIIim/g=="
    },
    "fast-text-encoding": {
      "version": "1.0.1",
      "resolved": "https://registry.npmjs.org/fast-text-encoding/-/fast-text-encoding-1.0.1.tgz",
      "integrity": "sha512-x4FEgaz3zNRtJfLFqJmHWxkMDDvXVtaznj2V9jiP8ACUJrUgist4bP9FmDL2Vew2Y9mEQI/tG4GqabaitYp9CQ=="
    },
    "follow-redirects": {
      "version": "1.14.7",
      "resolved": "https://registry.npmjs.org/follow-redirects/-/follow-redirects-1.14.7.tgz",
      "integrity": "sha512-+hbxoLbFMbRKDwohX8GkTataGqO6Jb7jGwpAlwgy2bIz25XtRm7KEzJM76R1WiNT5SwZkX4Y75SwBolkpmE7iQ=="
    },
    "fs-extra": {
      "version": "10.0.0",
      "resolved": "https://registry.npmjs.org/fs-extra/-/fs-extra-10.0.0.tgz",
      "integrity": "sha512-C5owb14u9eJwizKGdchcDUQeFtlSHHthBk8pbX9Vc1PFZrLombudjDnNns88aYslCyF6IY5SUw3Roz6xShcEIQ==",
      "requires": {
        "graceful-fs": "^4.2.0",
        "jsonfile": "^6.0.1",
        "universalify": "^2.0.0"
      }
    },
    "gaxios": {
      "version": "2.3.2",
      "resolved": "https://registry.npmjs.org/gaxios/-/gaxios-2.3.2.tgz",
      "integrity": "sha512-K/+py7UvKRDaEwEKlLiRKrFr+wjGjsMz5qH7Vs549QJS7cpSCOT/BbWL7pzqECflc46FcNPipjSfB+V1m8PAhw==",
      "requires": {
        "abort-controller": "^3.0.0",
        "extend": "^3.0.2",
        "https-proxy-agent": "^5.0.0",
        "is-stream": "^2.0.0",
        "node-fetch": "^2.3.0"
      }
    },
    "gcp-metadata": {
      "version": "3.5.0",
      "resolved": "https://registry.npmjs.org/gcp-metadata/-/gcp-metadata-3.5.0.tgz",
      "integrity": "sha512-ZQf+DLZ5aKcRpLzYUyBS3yo3N0JSa82lNDO8rj3nMSlovLcz2riKFBsYgDzeXcv75oo5eqB2lx+B14UvPoCRnA==",
      "requires": {
        "gaxios": "^2.1.0",
        "json-bigint": "^0.3.0"
      }
    },
    "google-auth-library": {
      "version": "5.10.1",
      "resolved": "https://registry.npmjs.org/google-auth-library/-/google-auth-library-5.10.1.tgz",
      "integrity": "sha512-rOlaok5vlpV9rSiUu5EpR0vVpc+PhN62oF4RyX/6++DG1VsaulAFEMlDYBLjJDDPI6OcNOCGAKy9UVB/3NIDXg==",
      "requires": {
        "arrify": "^2.0.0",
        "base64-js": "^1.3.0",
        "ecdsa-sig-formatter": "^1.0.11",
        "fast-text-encoding": "^1.0.0",
        "gaxios": "^2.1.0",
        "gcp-metadata": "^3.4.0",
        "gtoken": "^4.1.0",
        "jws": "^4.0.0",
        "lru-cache": "^5.0.0"
      }
    },
    "google-p12-pem": {
      "version": "2.0.4",
      "resolved": "https://registry.npmjs.org/google-p12-pem/-/google-p12-pem-2.0.4.tgz",
      "integrity": "sha512-S4blHBQWZRnEW44OcR7TL9WR+QCqByRvhNDZ/uuQfpxywfupikf/miba8js1jZi6ZOGv5slgSuoshCWh6EMDzg==",
      "requires": {
        "node-forge": "^0.9.0"
      }
    },
    "google-spreadsheet": {
      "version": "3.0.10",
      "resolved": "https://registry.npmjs.org/google-spreadsheet/-/google-spreadsheet-3.0.10.tgz",
      "integrity": "sha512-FQNaXAUzE+W9AE3Sd3O9BMPnC4x1FZSjBt+X8G+s9x14nJ/xk0waIJiou44q+E0WKr9fi12UANEwVRAd5vvDEw==",
      "requires": {
        "axios": "^0.19.1",
        "google-auth-library": "^5.9.1",
        "lodash": "^4.17.15"
      },
      "dependencies": {
        "axios": {
          "version": "0.19.2",
          "resolved": "https://registry.npmjs.org/axios/-/axios-0.19.2.tgz",
          "integrity": "sha512-fjgm5MvRHLhx+osE2xoekY70AhARk3a6hkN+3Io1jc00jtquGvxYlKlsFUhmUET0V5te6CcZI7lcv2Ym61mjHA==",
          "requires": {
            "follow-redirects": "1.5.10"
          }
        },
        "follow-redirects": {
          "version": "1.5.10",
          "resolved": "https://registry.npmjs.org/follow-redirects/-/follow-redirects-1.5.10.tgz",
          "integrity": "sha512-0V5l4Cizzvqt5D44aTXbFZz+FtyXV1vrDN6qrelxtfYQKW0KO0W2T/hkE8xvGa/540LkZlkaUjO4ailYTFtHVQ==",
          "requires": {
            "debug": "=3.1.0"
          }
        }
      }
    },
    "graceful-fs": {
      "version": "4.2.9",
      "resolved": "https://registry.npmjs.org/graceful-fs/-/graceful-fs-4.2.9.tgz",
      "integrity": "sha512-NtNxqUcXgpW2iMrfqSfR73Glt39K+BLwWsPs94yR63v45T0Wbej7eRmL5cWfwEgqXnmjQp3zaJTshdRW/qC2ZQ=="
    },
    "gtoken": {
      "version": "4.1.4",
      "resolved": "https://registry.npmjs.org/gtoken/-/gtoken-4.1.4.tgz",
      "integrity": "sha512-VxirzD0SWoFUo5p8RDP8Jt2AGyOmyYcT/pOUgDKJCK+iSw0TMqwrVfY37RXTNmoKwrzmDHSk0GMT9FsgVmnVSA==",
      "requires": {
        "gaxios": "^2.1.0",
        "google-p12-pem": "^2.0.0",
        "jws": "^4.0.0",
        "mime": "^2.2.0"
      }
    },
    "has-flag": {
      "version": "4.0.0",
      "resolved": "https://registry.npmjs.org/has-flag/-/has-flag-4.0.0.tgz",
      "integrity": "sha512-EykJT/Q1KjTWctppgIAgfSO0tKVuZUjhgMr17kqTumMl6Afv3EISleU7qZUzoXDFTAHTDC4NOoG/ZxU3EvlMPQ=="
    },
    "https-proxy-agent": {
      "version": "5.0.0",
      "resolved": "https://registry.npmjs.org/https-proxy-agent/-/https-proxy-agent-5.0.0.tgz",
      "integrity": "sha512-EkYm5BcKUGiduxzSt3Eppko+PiNWNEpa4ySk9vTC6wDsQJW9rHSa+UhGNJoRYp7bz6Ht1eaRIa6QaJqO5rCFbA==",
      "requires": {
        "agent-base": "6",
        "debug": "4"
      },
      "dependencies": {
        "debug": {
          "version": "4.1.1",
          "resolved": "https://registry.npmjs.org/debug/-/debug-4.1.1.tgz",
          "integrity": "sha512-pYAIzeRo8J6KPEaJ0VWOh5Pzkbw/RetuzehGM7QRRX5he4fPHx2rdKMB256ehJCkX+XRQm16eZLqLNS8RSZXZw==",
          "requires": {
            "ms": "^2.1.1"
          }
        },
        "ms": {
          "version": "2.1.2",
          "resolved": "https://registry.npmjs.org/ms/-/ms-2.1.2.tgz",
          "integrity": "sha512-sGkPx+VjMtmA6MX27oA4FBFELFCZZ4S4XqeGOXCv68tT+jb3vk/RyaKWP0PTKyWtmLSM0b+adUTEvbs1PEaH2w=="
        }
      }
    },
    "ieee754": {
      "version": "1.2.1",
      "resolved": "https://registry.npmjs.org/ieee754/-/ieee754-1.2.1.tgz",
      "integrity": "sha512-dcyqhDvX1C46lXZcVqCpK+FtMRQVdIMN6/Df5js2zouUsqG7I6sFxitIC+7KYK29KdXOLHdu9zL4sFnoVQnqaA=="
    },
    "inherits": {
      "version": "2.0.4",
      "resolved": "https://registry.npmjs.org/inherits/-/inherits-2.0.4.tgz",
      "integrity": "sha512-k/vGaX4/Yla3WzyMCvTQOXYeIHvqOKtnqBduzTHpzpQZzAskKMhZ2K+EnBiSM9zGSoIFeMpXKxa4dYeZIQqewQ=="
    },
    "is-interactive": {
      "version": "2.0.0",
      "resolved": "https://registry.npmjs.org/is-interactive/-/is-interactive-2.0.0.tgz",
      "integrity": "sha512-qP1vozQRI+BMOPcjFzrjXuQvdak2pHNUMZoeG2eRbiSqyvbEf/wQtEOTOX1guk6E3t36RkaqiSt8A/6YElNxLQ=="
    },
    "is-stream": {
      "version": "2.0.0",
      "resolved": "https://registry.npmjs.org/is-stream/-/is-stream-2.0.0.tgz",
      "integrity": "sha512-XCoy+WlUr7d1+Z8GgSuXmpuUFC9fOhRXglJMx+dwLKTkL44Cjd4W1Z5P+BQZpr+cR93aGP4S/s7Ftw6Nd/kiEw=="
    },
    "is-unicode-supported": {
      "version": "1.1.0",
      "resolved": "https://registry.npmjs.org/is-unicode-supported/-/is-unicode-supported-1.1.0.tgz",
      "integrity": "sha512-lDcxivp8TJpLG75/DpatAqNzOpDPSpED8XNtrpBHTdQ2InQ1PbW78jhwSxyxhhu+xbVSast2X38bwj8atwoUQA=="
    },
    "json-bigint": {
      "version": "0.3.0",
      "resolved": "https://registry.npmjs.org/json-bigint/-/json-bigint-0.3.0.tgz",
      "integrity": "sha1-DM2RLEuCcNBfBW+9E4FLU9OCWx4=",
      "requires": {
        "bignumber.js": "^7.0.0"
      }
    },
    "jsonfile": {
      "version": "6.1.0",
      "resolved": "https://registry.npmjs.org/jsonfile/-/jsonfile-6.1.0.tgz",
      "integrity": "sha512-5dgndWOriYSm5cnYaJNhalLNDKOqFwyDB/rr1E9ZsGciGvKPs8R2xYGCacuf3z6K1YKDz182fd+fY3cn3pMqXQ==",
      "requires": {
        "graceful-fs": "^4.1.6",
        "universalify": "^2.0.0"
      }
    },
    "jwa": {
      "version": "2.0.0",
      "resolved": "https://registry.npmjs.org/jwa/-/jwa-2.0.0.tgz",
      "integrity": "sha512-jrZ2Qx916EA+fq9cEAeCROWPTfCwi1IVHqT2tapuqLEVVDKFDENFw1oL+MwrTvH6msKxsd1YTDVw6uKEcsrLEA==",
      "requires": {
        "buffer-equal-constant-time": "1.0.1",
        "ecdsa-sig-formatter": "1.0.11",
        "safe-buffer": "^5.0.1"
      }
    },
    "jws": {
      "version": "4.0.0",
      "resolved": "https://registry.npmjs.org/jws/-/jws-4.0.0.tgz",
      "integrity": "sha512-KDncfTmOZoOMTFG4mBlG0qUIOlc03fmzH+ru6RgYVZhPkyiy/92Owlt/8UEN+a4TXR1FQetfIpJE8ApdvdVxTg==",
      "requires": {
        "jwa": "^2.0.0",
        "safe-buffer": "^5.0.1"
      }
    },
    "lodash": {
      "version": "4.17.21",
      "resolved": "https://registry.npmjs.org/lodash/-/lodash-4.17.21.tgz",
      "integrity": "sha512-v2kDEe57lecTulaDIuNTPy3Ry4gLGJ6Z1O3vE1krgXZNrsQ+LFTGHVxVjcXPs17LhbZVGedAJv8XZ1tvj5FvSg=="
    },
    "log-symbols": {
      "version": "5.1.0",
      "resolved": "https://registry.npmjs.org/log-symbols/-/log-symbols-5.1.0.tgz",
      "integrity": "sha512-l0x2DvrW294C9uDCoQe1VSU4gf529FkSZ6leBl4TiqZH/e+0R7hSfHQBNut2mNygDgHwvYHfFLn6Oxb3VWj2rA==",
      "requires": {
        "chalk": "^5.0.0",
        "is-unicode-supported": "^1.1.0"
      },
      "dependencies": {
        "chalk": {
          "version": "5.0.0",
          "resolved": "https://registry.npmjs.org/chalk/-/chalk-5.0.0.tgz",
          "integrity": "sha512-/duVOqst+luxCQRKEo4bNxinsOQtMP80ZYm7mMqzuh5PociNL0PvmHFvREJ9ueYL2TxlHjBcmLCdmocx9Vg+IQ=="
        }
      }
    },
    "lru-cache": {
      "version": "5.1.1",
      "resolved": "https://registry.npmjs.org/lru-cache/-/lru-cache-5.1.1.tgz",
      "integrity": "sha512-KpNARQA3Iwv+jTA0utUVVbrh+Jlrr1Fv0e56GGzAFOXN7dk/FviaDW8LHmK52DlcH4WP2n6gI8vN1aesBFgo9w==",
      "requires": {
        "yallist": "^3.0.2"
      }
    },
    "mime": {
      "version": "2.4.4",
      "resolved": "https://registry.npmjs.org/mime/-/mime-2.4.4.tgz",
      "integrity": "sha512-LRxmNwziLPT828z+4YkNzloCFC2YM4wrB99k+AV5ZbEyfGNWfG8SO1FUXLmLDBSo89NrJZ4DIWeLjy1CHGhMGA=="
    },
    "mimic-fn": {
      "version": "2.1.0",
      "resolved": "https://registry.npmjs.org/mimic-fn/-/mimic-fn-2.1.0.tgz",
      "integrity": "sha512-OqbOk5oEQeAZ8WXWydlu9HJjz9WVdEIvamMCcXmuqUYjTknH/sqsWvhQ3vgwKFRR1HpjvNBKQ37nbJgYzGqGcg=="
    },
    "ms": {
      "version": "2.0.0",
      "resolved": "https://registry.npmjs.org/ms/-/ms-2.0.0.tgz",
      "integrity": "sha1-VgiurfwAvmwpAd9fmGF4jeDVl8g="
    },
    "node-fetch": {
      "version": "2.6.7",
      "resolved": "https://registry.npmjs.org/node-fetch/-/node-fetch-2.6.7.tgz",
      "integrity": "sha512-ZjMPFEfVx5j+y2yF35Kzx5sF7kDzxuDj6ziH4FFbOp87zKDZNx8yExJIb05OGF4Nlt9IHFIMBkRl41VdvcNdbQ==",
      "requires": {
        "whatwg-url": "^5.0.0"
      }
    },
    "node-forge": {
      "version": "0.9.1",
      "resolved": "https://registry.npmjs.org/node-forge/-/node-forge-0.9.1.tgz",
      "integrity": "sha512-G6RlQt5Sb4GMBzXvhfkeFmbqR6MzhtnT7VTHuLadjkii3rdYHNdw0m8zA4BTxVIh68FicCQ2NSUANpsqkr9jvQ=="
    },
    "onetime": {
      "version": "5.1.2",
      "resolved": "https://registry.npmjs.org/onetime/-/onetime-5.1.2.tgz",
      "integrity": "sha512-kbpaSSGJTWdAY5KPVeMOKXSrPtr8C8C7wodJbcsd51jRnmD+GZu8Y0VoU6Dm5Z4vWr0Ig/1NKuWRKf7j5aaYSg==",
      "requires": {
        "mimic-fn": "^2.1.0"
      }
    },
    "ora": {
      "version": "6.0.1",
      "resolved": "https://registry.npmjs.org/ora/-/ora-6.0.1.tgz",
      "integrity": "sha512-TDdKkKHdWE6jo/6pIa5U5AWcSVfpNRFJ8sdRJpioGNVPLAzZzHs/N+QhUfF7ZbyoC+rnDuNTKzeDJUbAza9g4g==",
      "requires": {
        "bl": "^5.0.0",
        "chalk": "^4.1.2",
        "cli-cursor": "^4.0.0",
        "cli-spinners": "^2.6.0",
        "is-interactive": "^2.0.0",
        "is-unicode-supported": "^1.1.0",
        "log-symbols": "^5.0.0",
        "strip-ansi": "^7.0.1",
        "wcwidth": "^1.0.1"
      }
    },
    "readable-stream": {
      "version": "3.6.0",
      "resolved": "https://registry.npmjs.org/readable-stream/-/readable-stream-3.6.0.tgz",
      "integrity": "sha512-BViHy7LKeTz4oNnkcLJ+lVSL6vpiFeX6/d3oSH8zCW7UxP2onchk+vTGB143xuFjHS3deTgkKoXXymXqymiIdA==",
      "requires": {
        "inherits": "^2.0.3",
        "string_decoder": "^1.1.1",
        "util-deprecate": "^1.0.1"
      }
    },
    "restore-cursor": {
      "version": "4.0.0",
      "resolved": "https://registry.npmjs.org/restore-cursor/-/restore-cursor-4.0.0.tgz",
      "integrity": "sha512-I9fPXU9geO9bHOt9pHHOhOkYerIMsmVaWB0rA2AI9ERh/+x/i7MV5HKBNrg+ljO5eoPVgCcnFuRjJ9uH6I/3eg==",
      "requires": {
        "onetime": "^5.1.0",
        "signal-exit": "^3.0.2"
      }
    },
    "safe-buffer": {
      "version": "5.2.0",
      "resolved": "https://registry.npmjs.org/safe-buffer/-/safe-buffer-5.2.0.tgz",
      "integrity": "sha512-fZEwUGbVl7kouZs1jCdMLdt95hdIv0ZeHg6L7qPeciMZhZ+/gdesW4wgTARkrFWEpspjEATAzUGPG8N2jJiwbg=="
    },
    "signal-exit": {
      "version": "3.0.6",
      "resolved": "https://registry.npmjs.org/signal-exit/-/signal-exit-3.0.6.tgz",
      "integrity": "sha512-sDl4qMFpijcGw22U5w63KmD3cZJfBuFlVNbVMKje2keoKML7X2UzWbc4XrmEbDwg0NXJc3yv4/ox7b+JWb57kQ=="
    },
    "string_decoder": {
      "version": "1.3.0",
      "resolved": "https://registry.npmjs.org/string_decoder/-/string_decoder-1.3.0.tgz",
      "integrity": "sha512-hkRX8U1WjJFd8LsDJ2yQ/wWWxaopEsABU1XfkM8A+j0+85JAGppt16cr1Whg6KIbb4okU6Mql6BOj+uup/wKeA==",
      "requires": {
        "safe-buffer": "~5.2.0"
      }
    },
    "strip-ansi": {
      "version": "7.0.1",
      "resolved": "https://registry.npmjs.org/strip-ansi/-/strip-ansi-7.0.1.tgz",
      "integrity": "sha512-cXNxvT8dFNRVfhVME3JAe98mkXDYN2O1l7jmcwMnOslDeESg1rF/OZMtK0nRAhiari1unG5cD4jG3rapUAkLbw==",
      "requires": {
        "ansi-regex": "^6.0.1"
      }
    },
    "supports-color": {
      "version": "7.2.0",
      "resolved": "https://registry.npmjs.org/supports-color/-/supports-color-7.2.0.tgz",
      "integrity": "sha512-qpCAvRl9stuOHveKsn7HncJRvv501qIacKzQlO/+Lwxc9+0q2wLyv4Dfvt80/DPn2pqOBsJdDiogXGR9+OvwRw==",
      "requires": {
        "has-flag": "^4.0.0"
      }
    },
    "tr46": {
      "version": "0.0.3",
      "resolved": "https://registry.npmjs.org/tr46/-/tr46-0.0.3.tgz",
      "integrity": "sha1-gYT9NH2snNwYWZLzpmIuFLnZq2o="
    },
    "universalify": {
      "version": "2.0.0",
      "resolved": "https://registry.npmjs.org/universalify/-/universalify-2.0.0.tgz",
      "integrity": "sha512-hAZsKq7Yy11Zu1DE0OzWjw7nnLZmJZYTDZZyEFHZdUhV8FkH5MCfoU1XMaxXovpyW5nq5scPqq0ZDP9Zyl04oQ=="
    },
    "util-deprecate": {
      "version": "1.0.2",
      "resolved": "https://registry.npmjs.org/util-deprecate/-/util-deprecate-1.0.2.tgz",
      "integrity": "sha1-RQ1Nyfpw3nMnYvvS1KKJgUGaDM8="
    },
    "wcwidth": {
      "version": "1.0.1",
      "resolved": "https://registry.npmjs.org/wcwidth/-/wcwidth-1.0.1.tgz",
      "integrity": "sha1-8LDc+RW8X/FSivrbLA4XtTLaL+g=",
      "requires": {
        "defaults": "^1.0.3"
      }
    },
    "webidl-conversions": {
      "version": "3.0.1",
      "resolved": "https://registry.npmjs.org/webidl-conversions/-/webidl-conversions-3.0.1.tgz",
      "integrity": "sha1-JFNCdeKnvGvnvIZhHMFq4KVlSHE="
    },
    "whatwg-url": {
      "version": "5.0.0",
      "resolved": "https://registry.npmjs.org/whatwg-url/-/whatwg-url-5.0.0.tgz",
      "integrity": "sha1-lmRU6HZUYuN2RNNib2dCzotwll0=",
      "requires": {
        "tr46": "~0.0.3",
        "webidl-conversions": "^3.0.0"
      }
    },
    "yallist": {
      "version": "3.1.1",
      "resolved": "https://registry.npmjs.org/yallist/-/yallist-3.1.1.tgz",
      "integrity": "sha512-a4UGQaWPH59mOXUYnAG2ewncQS4i4F43Tv3JoAM+s2VDAmS9NsK8GpDMLrCHPksFT7h3K6TOoUNn2pb7RoXx4g=="
    }
  }
}
